
Microsoft Visual Studio Solution File, Format Version 12.00
# Visual Studio Version 17
VisualStudioVersion = 17.6.33815.320
MinimumVisualStudioVersion = 10.0.40219.1
Project("{9A19103F-16F7-4668-BE54-9A1E7A4F7556}") = "QPlay.Inventory.Service", "src\QPlay.Inventory.Service\QPlay.Inventory.Service.csproj", "{977802A3-7AFD-4FF8-A9DB-93548B8CFB2B}"
EndProject
Global
	GlobalSection(SolutionConfigurationPlatforms) = preSolution
		Debug|Any CPU = Debug|Any CPU
		Release|Any CPU = Release|Any CPU
	EndGlobalSection
	GlobalSection(ProjectConfigurationPlatforms) = postSolution
		{977802A3-7AFD-4FF8-A9DB-93548B8CFB2B}.Debug|Any CPU.ActiveCfg = Debug|Any CPU
		{977802A3-7AFD-4FF8-A9DB-93548B8CFB2B}.Debug|Any CPU.Build.0 = Debug|Any CPU
		{977802A3-7AFD-4FF8-A9DB-93548B8CFB2B}.Release|Any CPU.ActiveCfg = Release|Any CPU
		{977802A3-7AFD-4FF8-A9DB-93548B8CFB2B}.Release|Any CPU.Build.0 = Release|Any CPU
	EndGlobalSection
	GlobalSection(SolutionProperties) = preSolution
		HideSolutionNode = FALSE
	EndGlobalSection
	GlobalSection(ExtensibilityGlobals) = postSolution
		SolutionGuid = {697A25B7-3060-4A73-8C77-413E3F106029}
	EndGlobalSection
EndGlobal
